// !$*UTF8*$!
{
	archiveVersion = 1;
	classes = {
	};
	objectVersion = 46;
	objects = {

/* Begin PBXBuildFile section */
		A3FC99511B79E7CA009AFA95 /* main.m in Sources */ = {isa = PBXBuildFile; fileRef = A3FC99501B79E7CA009AFA95 /* main.m */; };
		A3FC99541B79E7CA009AFA95 /* AppDelegate.m in Sources */ = {isa = PBXBuildFile; fileRef = A3FC99531B79E7CA009AFA95 /* AppDelegate.m */; };
		A3FC99571B79E7CA009AFA95 /* ViewController.m in Sources */ = {isa = PBXBuildFile; fileRef = A3FC99561B79E7CA009AFA95 /* ViewController.m */; };
		A3FC995A1B79E7CA009AFA95 /* Main.storyboard in Resources */ = {isa = PBXBuildFile; fileRef = A3FC99581B79E7CA009AFA95 /* Main.storyboard */; };
		A3FC995C1B79E7CA009AFA95 /* Images.xcassets in Resources */ = {isa = PBXBuildFile; fileRef = A3FC995B1B79E7CA009AFA95 /* Images.xcassets */; };
		A3FC995F1B79E7CA009AFA95 /* LaunchScreen.xib in Resources */ = {isa = PBXBuildFile; fileRef = A3FC995D1B79E7CA009AFA95 /* LaunchScreen.xib */; };
		A3FC996B1B79E7CA009AFA95 /* KNS_BranchesTestTests.m in Sources */ = {isa = PBXBuildFile; fileRef = A3FC996A1B79E7CA009AFA95 /* KNS_BranchesTestTests.m */; };
/* End PBXBuildFile section */

/* Begin PBXContainerItemProxy section */
		A3FC99651B79E7CA009AFA95 /* PBXContainerItemProxy */ = {
			isa = PBXContainerItemProxy;
			containerPortal = A3FC99431B79E7CA009AFA95 /* Project object */;
			proxyType = 1;
			remoteGlobalIDString = A3FC994A1B79E7CA009AFA95;
			remoteInfo = KNS_BranchesTest;
		};
/* End PBXContainerItemProxy section */

/* Begin PBXFileReference section */
		A3FC994B1B79E7CA009AFA95 /* KNS_BranchesTest.app */ = {isa = PBXFileReference; explicitFileType = wrapper.application; includeInIndex = 0; path = KNS_BranchesTest.app; sourceTree = BUILT_PRODUCTS_DIR; };
		A3FC994F1B79E7CA009AFA95 /* Info.plist */ = {isa = PBXFileReference; lastKnownFileType = text.plist.xml; path = Info.plist; sourceTree = "<group>"; };
		A3FC99501B79E7CA009AFA95 /* main.m */ = {isa = PBXFileReference; lastKnownFileType = sourcecode.c.objc; path = main.m; sourceTree = "<group>"; };
		A3FC99521B79E7CA009AFA95 /* AppDelegate.h */ = {isa = PBXFileReference; lastKnownFileType = sourcecode.c.h; path = AppDelegate.h; sourceTree = "<group>"; };
		A3FC99531B79E7CA009AFA95 /* AppDelegate.m */ = {isa = PBXFileReference; lastKnownFileType = sourcecode.c.objc; path = AppDelegate.m; sourceTree = "<group>"; };
		A3FC99551B79E7CA009AFA95 /* ViewController.h */ = {isa = PBXFileReference; lastKnownFileType = sourcecode.c.h; path = ViewController.h; sourceTree = "<group>"; };
		A3FC99561B79E7CA009AFA95 /* ViewController.m */ = {isa = PBXFileReference; lastKnownFileType = sourcecode.c.objc; path = ViewController.m; sourceTree = "<group>"; };
		A3FC99591B79E7CA009AFA95 /* Base */ = {isa = PBXFileReference; lastKnownFileType = file.storyboard; name = Base; path = Base.lproj/Main.storyboard; sourceTree = "<group>"; };
		A3FC995B1B79E7CA009AFA95 /* Images.xcassets */ = {isa = PBXFileReference; lastKnownFileType = folder.assetcatalog; path = Images.xcassets; sourceTree = "<group>"; };
		A3FC995E1B79E7CA009AFA95 /* Base */ = {isa = PBXFileReference; lastKnownFileType = file.xib; name = Base; path = Base.lproj/LaunchScreen.xib; sourceTree = "<group>"; };
		A3FC99641B79E7CA009AFA95 /* KNS_BranchesTestTests.xctest */ = {isa = PBXFileReference; explicitFileType = wrapper.cfbundle; includeInIndex = 0; path = KNS_BranchesTestTests.xctest; sourceTree = BUILT_PRODUCTS_DIR; };
		A3FC99691B79E7CA009AFA95 /* Info.plist */ = {isa = PBXFileReference; lastKnownFileType = text.plist.xml; path = Info.plist; sourceTree = "<group>"; };
		A3FC996A1B79E7CA009AFA95 /* KNS_BranchesTestTests.m */ = {isa = PBXFileReference; lastKnownFileType = sourcecode.c.objc; path = KNS_BranchesTestTests.m; sourceTree = "<group>"; };
/* End PBXFileReference section */

/* Begin PBXFrameworksBuildPhase section */
		A3FC99481B79E7CA009AFA95 /* Frameworks */ = {
			isa = PBXFrameworksBuildPhase;
			buildActionMask = 2147483647;
			files = (
			);
			runOnlyForDeploymentPostprocessing = 0;
		};
		A3FC99611B79E7CA009AFA95 /* Frameworks */ = {
			isa = PBXFrameworksBuildPhase;
			buildActionMask = 2147483647;
			files = (
			);
			runOnlyForDeploymentPostprocessing = 0;
		};
/* End PBXFrameworksBuildPhase section */

/* Begin PBXGroup section */
		A3FC99421B79E7CA009AFA95 = {
			isa = PBXGroup;
			children = (
				A3FC994D1B79E7CA009AFA95 /* KNS_BranchesTest */,
				A3FC99671B79E7CA009AFA95 /* KNS_BranchesTestTests */,
				A3FC994C1B79E7CA009AFA95 /* Products */,
			);
			sourceTree = "<group>";
		};
		A3FC994C1B79E7CA009AFA95 /* Products */ = {
			isa = PBXGroup;
			children = (
				A3FC994B1B79E7CA009AFA95 /* KNS_BranchesTest.app */,
				A3FC99641B79E7CA009AFA95 /* KNS_BranchesTestTests.xctest */,
			);
			name = Products;
			sourceTree = "<group>";
		};
		A3FC994D1B79E7CA009AFA95 /* KNS_BranchesTest */ = {
			isa = PBXGroup;
			children = (
				A3FC99521B79E7CA009AFA95 /* AppDelegate.h */,
				A3FC99531B79E7CA009AFA95 /* AppDelegate.m */,
				A3FC99551B79E7CA009AFA95 /* ViewController.h */,
				A3FC99561B79E7CA009AFA95 /* ViewController.m */,
				A3FC99581B79E7CA009AFA95 /* Main.storyboard */,
				A3FC995B1B79E7CA009AFA95 /* Images.xcassets */,
				A3FC995D1B79E7CA009AFA95 /* LaunchScreen.xib */,
				A3FC994E1B79E7CA009AFA95 /* Supporting Files */,
			);
			path = KNS_BranchesTest;
			sourceTree = "<group>";
		};
		A3FC994E1B79E7CA009AFA95 /* Supporting Files */ = {
			isa = PBXGroup;
			children = (
				A3FC994F1B79E7CA009AFA95 /* Info.plist */,
				A3FC99501B79E7CA009AFA95 /* main.m */,
			);
			name = "Supporting Files";
			sourceTree = "<group>";
		};
		A3FC99671B79E7CA009AFA95 /* KNS_BranchesTestTests */ = {
			isa = PBXGroup;
			children = (
				A3FC996A1B79E7CA009AFA95 /* KNS_BranchesTestTests.m */,
				A3FC99681B79E7CA009AFA95 /* Supporting Files */,
			);
			path = KNS_BranchesTestTests;
			sourceTree = "<group>";
		};
		A3FC99681B79E7CA009AFA95 /* Supporting Files */ = {
			isa = PBXGroup;
			children = (
				A3FC99691B79E7CA009AFA95 /* Info.plist */,
			);
			name = "Supporting Files";
			sourceTree = "<group>";
		};
/* End PBXGroup section */

/* Begin PBXNativeTarget section */
		A3FC994A1B79E7CA009AFA95 /* KNS_BranchesTest */ = {
			isa = PBXNativeTarget;
			buildConfigurationList = A3FC996E1B79E7CA009AFA95 /* Build configuration list for PBXNativeTarget "KNS_BranchesTest" */;
			buildPhases = (
				A3FC99471B79E7CA009AFA95 /* Sources */,
				A3FC99481B79E7CA009AFA95 /* Frameworks */,
				A3FC99491B79E7CA009AFA95 /* Resources */,
			);
			buildRules = (
			);
			dependencies = (
			);
			name = KNS_BranchesTest;
			productName = KNS_BranchesTest;
			productReference = A3FC994B1B79E7CA009AFA95 /* KNS_BranchesTest.app */;
			productType = "com.apple.product-type.application";
		};
		A3FC99631B79E7CA009AFA95 /* KNS_BranchesTestTests */ = {
			isa = PBXNativeTarget;
			buildConfigurationList = A3FC99711B79E7CA009AFA95 /* Build configuration list for PBXNativeTarget "KNS_BranchesTestTests" */;
			buildPhases = (
				A3FC99601B79E7CA009AFA95 /* Sources */,
				A3FC99611B79E7CA009AFA95 /* Frameworks */,
				A3FC99621B79E7CA009AFA95 /* Resources */,
			);
			buildRules = (
			);
			dependencies = (
				A3FC99661B79E7CA009AFA95 /* PBXTargetDependency */,
			);
			name = KNS_BranchesTestTests;
			productName = KNS_BranchesTestTests;
			productReference = A3FC99641B79E7CA009AFA95 /* KNS_BranchesTestTests.xctest */;
			productType = "com.apple.product-type.bundle.unit-test";
		};
/* End PBXNativeTarget section */

/* Begin PBXProject section */
		A3FC99431B79E7CA009AFA95 /* Project object */ = {
			isa = PBXProject;
			attributes = {
				LastUpgradeCheck = 0640;
				ORGANIZATIONNAME = keyneosoft;
				TargetAttributes = {
					A3FC994A1B79E7CA009AFA95 = {
						CreatedOnToolsVersion = 6.4;
					};
					A3FC99631B79E7CA009AFA95 = {
						CreatedOnToolsVersion = 6.4;
						TestTargetID = A3FC994A1B79E7CA009AFA95;
					};
				};
			};
			buildConfigurationList = A3FC99461B79E7CA009AFA95 /* Build configuration list for PBXProject "KNS_BranchesTest" */;
			compatibilityVersion = "Xcode 3.2";
			developmentRegion = English;
			hasScannedForEncodings = 0;
			knownRegions = (
				en,
				Base,
			);
			mainGroup = A3FC99421B79E7CA009AFA95;
			productRefGroup = A3FC994C1B79E7CA009AFA95 /* Products */;
			projectDirPath = "";
			projectRoot = "";
			targets = (
				A3FC994A1B79E7CA009AFA95 /* KNS_BranchesTest */,
				A3FC99631B79E7CA009AFA95 /* KNS_BranchesTestTests */,
			);
		};
/* End PBXProject section */

/* Begin PBXResourcesBuildPhase section */
		A3FC99491B79E7CA009AFA95 /* Resources */ = {
			isa = PBXResourcesBuildPhase;
			buildActionMask = 2147483647;
			files = (
				A3FC995A1B79E7CA009AFA95 /* Main.storyboard in Resources */,
				A3FC995F1B79E7CA009AFA95 /* LaunchScreen.xib in Resources */,
				A3FC995C1B79E7CA009AFA95 /* Images.xcassets in Resources */,
			);
			runOnlyForDeploymentPostprocessing = 0;
		};
		A3FC99621B79E7CA009AFA95 /* Resources */ = {
			isa = PBXResourcesBuildPhase;
			buildActionMask = 2147483647;
			files = (
			);
			runOnlyForDeploymentPostprocessing = 0;
		};
/* End PBXResourcesBuildPhase section */

/* Begin PBXSourcesBuildPhase section */
		A3FC99471B79E7CA009AFA95 /* Sources */ = {
			isa = PBXSourcesBuildPhase;
			buildActionMask = 2147483647;
			files = (
				A3FC99571B79E7CA009AFA95 /* ViewController.m in Sources */,
				A3FC99541B79E7CA009AFA95 /* AppDelegate.m in Sources */,
				A3FC99511B79E7CA009AFA95 /* main.m in Sources */,
			);
			runOnlyForDeploymentPostprocessing = 0;
		};
		A3FC99601B79E7CA009AFA95 /* Sources */ = {
			isa = PBXSourcesBuildPhase;
			buildActionMask = 2147483647;
			files = (
				A3FC996B1B79E7CA009AFA95 /* KNS_BranchesTestTests.m in Sources */,
			);
			runOnlyForDeploymentPostprocessing = 0;
		};
/* End PBXSourcesBuildPhase section */

/* Begin PBXTargetDependency section */
		A3FC99661B79E7CA009AFA95 /* PBXTargetDependency */ = {
			isa = PBXTargetDependency;
			target = A3FC994A1B79E7CA009AFA95 /* KNS_BranchesTest */;
			targetProxy = A3FC99651B79E7CA009AFA95 /* PBXContainerItemProxy */;
		};
/* End PBXTargetDependency section */

/* Begin PBXVariantGroup section */
		A3FC99581B79E7CA009AFA95 /* Main.storyboard */ = {
			isa = PBXVariantGroup;
			children = (
				A3FC99591B79E7CA009AFA95 /* Base */,
			);
			name = Main.storyboard;
			sourceTree = "<group>";
		};
		A3FC995D1B79E7CA009AFA95 /* LaunchScreen.xib */ = {
			isa = PBXVariantGroup;
			children = (
				A3FC995E1B79E7CA009AFA95 /* Base */,
			);
			name = LaunchScreen.xib;
			sourceTree = "<group>";
		};
/* End PBXVariantGroup section */

/* Begin XCBuildConfiguration section */
		A3FC996C1B79E7CA009AFA95 /* Debug */ = {
			isa = XCBuildConfiguration;
			buildSettings = {
				ALWAYS_SEARCH_USER_PATHS = NO;
				CLANG_CXX_LANGUAGE_STANDARD = "gnu++0x";
				CLANG_CXX_LIBRARY = "libc++";
				CLANG_ENABLE_MODULES = YES;
				CLANG_ENABLE_OBJC_ARC = YES;
				CLANG_WARN_BOOL_CONVERSION = YES;
				CLANG_WARN_CONSTANT_CONVERSION = YES;
				CLANG_WARN_DIRECT_OBJC_ISA_USAGE = YES_ERROR;
				CLANG_WARN_EMPTY_BODY = YES;
				CLANG_WARN_ENUM_CONVERSION = YES;
				CLANG_WARN_INT_CONVERSION = YES;
				CLANG_WARN_OBJC_ROOT_CLASS = YES_ERROR;
				CLANG_WARN_UNREACHABLE_CODE = YES;
				CLANG_WARN__DUPLICATE_METHOD_MATCH = YES;
				"CODE_SIGN_IDENTITY[sdk=iphoneos*]" = "iPhone Developer";
				COPY_PHASE_STRIP = NO;
				DEBUG_INFORMATION_FORMAT = "dwarf-with-dsym";
				ENABLE_STRICT_OBJC_MSGSEND = YES;
				GCC_C_LANGUAGE_STANDARD = gnu99;
				GCC_DYNAMIC_NO_PIC = NO;
				GCC_NO_COMMON_BLOCKS = YES;
				GCC_OPTIMIZATION_LEVEL = 0;
				GCC_PREPROCESSOR_DEFINITIONS = (
					"DEBUG=1",
					"$(inherited)",
				);
				GCC_SYMBOLS_PRIVATE_EXTERN = NO;
				GCC_WARN_64_TO_32_BIT_CONVERSION = YES;
				GCC_WARN_ABOUT_RETURN_TYPE = YES_ERROR;
				GCC_WARN_UNDECLARED_SELECTOR = YES;
				GCC_WARN_UNINITIALIZED_AUTOS = YES_AGGRESSIVE;
				GCC_WARN_UNUSED_FUNCTION = YES;
				GCC_WARN_UNUSED_VARIABLE = YES;
				IPHONEOS_DEPLOYMENT_TARGET = 8.4;
				MTL_ENABLE_DEBUG_INFO = YES;
				ONLY_ACTIVE_ARCH = YES;
				SDKROOT = iphoneos;
			};
			name = Debug;
		};
		A3FC996D1B79E7CA009AFA95 /* Release */ = {
			isa = XCBuildConfiguration;
			buildSettings = {
				ALWAYS_SEARCH_USER_PATHS = NO;
				CLANG_CXX_LANGUAGE_STANDARD = "gnu++0x";
				CLANG_CXX_LIBRARY = "libc++";
				CLANG_ENABLE_MODULES = YES;
				CLANG_ENABLE_OBJC_ARC = YES;
				CLANG_WARN_BOOL_CONVERSION = YES;
				CLANG_WARN_CONSTANT_CONVERSION = YES;
				CLANG_WARN_DIRECT_OBJC_ISA_USAGE = YES_ERROR;
				CLANG_WARN_EMPTY_BODY = YES;
				CLANG_WARN_ENUM_CONVERSION = YES;
				CLANG_WARN_INT_CONVERSION = YES;
				CLANG_WARN_OBJC_ROOT_CLASS = YES_ERROR;
				CLANG_WARN_UNREACHABLE_CODE = YES;
				CLANG_WARN__DUPLICATE_METHOD_MATCH = YES;
				"CODE_SIGN_IDENTITY[sdk=iphoneos*]" = "iPhone Developer";
				COPY_PHASE_STRIP = NO;
				DEBUG_INFORMATION_FORMAT = "dwarf-with-dsym";
				ENABLE_NS_ASSERTIONS = NO;
				ENABLE_STRICT_OBJC_MSGSEND = YES;
				GCC_C_LANGUAGE_STANDARD = gnu99;
				GCC_NO_COMMON_BLOCKS = YES;
				GCC_WARN_64_TO_32_BIT_CONVERSION = YES;
				GCC_WARN_ABOUT_RETURN_TYPE = YES_ERROR;
				GCC_WARN_UNDECLARED_SELECTOR = YES;
				GCC_WARN_UNINITIALIZED_AUTOS = YES_AGGRESSIVE;
				GCC_WARN_UNUSED_FUNCTION = YES;
				GCC_WARN_UNUSED_VARIABLE = YES;
				IPHONEOS_DEPLOYMENT_TARGET = 8.4;
				MTL_ENABLE_DEBUG_INFO = NO;
				SDKROOT = iphoneos;
				VALIDATE_PRODUCT = YES;
			};
			name = Release;
		};
		A3FC996F1B79E7CA009AFA95 /* Debug */ = {
			isa = XCBuildConfiguration;
			buildSettings = {
				ASSETCATALOG_COMPILER_APPICON_NAME = AppIcon;
				INFOPLIST_FILE = KNS_BranchesTest/Info.plist;
				LD_RUNPATH_SEARCH_PATHS = "$(inherited) @executable_path/Frameworks";
				PRODUCT_NAME = "$(TARGET_NAME)";
			};
			name = Debug;
		};
		A3FC99701B79E7CA009AFA95 /* Release */ = {
			isa = XCBuildConfiguration;
			buildSettings = {
				ASSETCATALOG_COMPILER_APPICON_NAME = AppIcon;
				INFOPLIST_FILE = KNS_BranchesTest/Info.plist;
				LD_RUNPATH_SEARCH_PATHS = "$(inherited) @executable_path/Frameworks";
				PRODUCT_NAME = "$(TARGET_NAME)";
			};
			name = Release;
		};
		A3FC99721B79E7CA009AFA95 /* Debug */ = {
			isa = XCBuildConfiguration;
			buildSettings = {
				BUNDLE_LOADER = "$(TEST_HOST)";
				FRAMEWORK_SEARCH_PATHS = (
					"$(SDKROOT)/Developer/Library/Frameworks",
					"$(inherited)",
				);
				GCC_PREPROCESSOR_DEFINITIONS = (
					"DEBUG=1",
					"$(inherited)",
				);
				INFOPLIST_FILE = KNS_BranchesTestTests/Info.plist;
				LD_RUNPATH_SEARCH_PATHS = "$(inherited) @executable_path/Frameworks @loader_path/Frameworks";
				PRODUCT_NAME = "$(TARGET_NAME)";
				TEST_HOST = "$(BUILT_PRODUCTS_DIR)/KNS_BranchesTest.app/KNS_BranchesTest";
			};
			name = Debug;
		};
		A3FC99731B79E7CA009AFA95 /* Release */ = {
			isa = XCBuildConfiguration;
			buildSettings = {
				BUNDLE_LOADER = "$(TEST_HOST)";
				FRAMEWORK_SEARCH_PATHS = (
					"$(SDKROOT)/Developer/Library/Frameworks",
					"$(inherited)",
				);
				INFOPLIST_FILE = KNS_BranchesTestTests/Info.plist;
				LD_RUNPATH_SEARCH_PATHS = "$(inherited) @executable_path/Frameworks @loader_path/Frameworks";
				PRODUCT_NAME = "$(TARGET_NAME)";
				TEST_HOST = "$(BUILT_PRODUCTS_DIR)/KNS_BranchesTest.app/KNS_BranchesTest";
			};
			name = Release;
		};
/* End XCBuildConfiguration section */

/* Begin XCConfigurationList section */
		A3FC99461B79E7CA009AFA95 /* Build configuration list for PBXProject "KNS_BranchesTest" */ = {
			isa = XCConfigurationList;
			buildConfigurations = (
				A3FC996C1B79E7CA009AFA95 /* Debug */,
				A3FC996D1B79E7CA009AFA95 /* Release */,
			);
			defaultConfigurationIsVisible = 0;
			defaultConfigurationName = Release;
		};
		A3FC996E1B79E7CA009AFA95 /* Build configuration list for PBXNativeTarget "KNS_BranchesTest" */ = {
			isa = XCConfigurationList;
			buildConfigurations = (
				A3FC996F1B79E7CA009AFA95 /* Debug */,
				A3FC99701B79E7CA009AFA95 /* Release */,
			);
			defaultConfigurationIsVisible = 0;
		};
		A3FC99711B79E7CA009AFA95 /* Build configuration list for PBXNativeTarget "KNS_BranchesTestTests" */ = {
			isa = XCConfigurationList;
			buildConfigurations = (
				A3FC99721B79E7CA009AFA95 /* Debug */,
				A3FC99731B79E7CA009AFA95 /* Release */,
			);
			defaultConfigurationIsVisible = 0;
		};
/* End XCConfigurationList section */
	};
	rootObject = A3FC99431B79E7CA009AFA95 /* Project object */;
}
